
Microsoft Visual Studio Solution File, Format Version 11.00
# Visual Studio 2010
Project("{FAE04EC0-301F-11D3-BF4B-00C04F79EFBC}") = "ApplicationDeployment", "ApplicationDeployment\ApplicationDeployment.csproj", "{2D761E61-D3A9-4B1D-B3BD-94499DFBC826}"
EndProject
Project("{2150E333-8FDC-42A3-9474-1A3956D46DE8}") = "ApplicationConfiguration", "ApplicationConfiguration", "{57F7020C-3205-46EE-B213-A1A8BDFBFA41}"
	ProjectSection(SolutionItems) = preProject
		Application.config = Application.config
		Orit.EgrulViewer.snk = Orit.EgrulViewer.snk
		SharePointConfiguration.xml = SharePointConfiguration.xml
		SharePointTargets.targets = SharePointTargets.targets
	EndProjectSection
EndProject
Project("{2150E333-8FDC-42A3-9474-1A3956D46DE8}") = "Solutions", "Solutions", "{B091C554-C66A-4DBC-8383-8D74C76DF87B}"
EndProject
Project("{FAE04EC0-301F-11D3-BF4B-00C04F79EFBC}") = "Components", "Components\Components.csproj", "{BD3A5D0D-5EE3-49E6-B187-973E51FCB5C0}"
EndProject
Global
	GlobalSection(SolutionConfigurationPlatforms) = preSolution
		Debug|Any CPU = Debug|Any CPU
		Release|Any CPU = Release|Any CPU
	EndGlobalSection
	GlobalSection(ProjectConfigurationPlatforms) = postSolution
		{2D761E61-D3A9-4B1D-B3BD-94499DFBC826}.Debug|Any CPU.ActiveCfg = Debug|Any CPU
		{2D761E61-D3A9-4B1D-B3BD-94499DFBC826}.Debug|Any CPU.Build.0 = Debug|Any CPU
		{2D761E61-D3A9-4B1D-B3BD-94499DFBC826}.Release|Any CPU.ActiveCfg = Release|Any CPU
		{2D761E61-D3A9-4B1D-B3BD-94499DFBC826}.Release|Any CPU.Build.0 = Release|Any CPU
		{BD3A5D0D-5EE3-49E6-B187-973E51FCB5C0}.Debug|Any CPU.ActiveCfg = Debug|Any CPU
		{BD3A5D0D-5EE3-49E6-B187-973E51FCB5C0}.Debug|Any CPU.Build.0 = Debug|Any CPU
		{BD3A5D0D-5EE3-49E6-B187-973E51FCB5C0}.Debug|Any CPU.Deploy.0 = Debug|Any CPU
		{BD3A5D0D-5EE3-49E6-B187-973E51FCB5C0}.Release|Any CPU.ActiveCfg = Release|Any CPU
		{BD3A5D0D-5EE3-49E6-B187-973E51FCB5C0}.Release|Any CPU.Build.0 = Release|Any CPU
		{BD3A5D0D-5EE3-49E6-B187-973E51FCB5C0}.Release|Any CPU.Deploy.0 = Release|Any CPU
	EndGlobalSection
	GlobalSection(SolutionProperties) = preSolution
		HideSolutionNode = FALSE
	EndGlobalSection
	GlobalSection(NestedProjects) = preSolution
		{BD3A5D0D-5EE3-49E6-B187-973E51FCB5C0} = {B091C554-C66A-4DBC-8383-8D74C76DF87B}
	EndGlobalSection
EndGlobal
